
Microsoft Visual Studio Solution File, Format Version 12.00
# Visual Studio 15
VisualStudioVersion = 15.0.26127.3
MinimumVisualStudioVersion = 10.0.40219.1
Project("{2150E333-8FDC-42A3-9474-1A3956D46DE8}") = "Expressions", "Expressions", "{901A0E50-1CDE-4964-A6B1-53D5256F6D93}"
EndProject
Project("{FAE04EC0-301F-11D3-BF4B-00C04F79EFBC}") = "Expressions", "Expressions\Expressions\Expressions.csproj", "{84E1F6E4-A811-4D29-867C-F879C9CBCCA4}"
EndProject
Project("{2150E333-8FDC-42A3-9474-1A3956D46DE8}") = "Tests", "Tests", "{6DC41E33-9DF7-401F-992C-BADED3AA2F2F}"
EndProject
Project("{FAE04EC0-301F-11D3-BF4B-00C04F79EFBC}") = "Expressions.Test", "Expressions\Tests\Expressions.Test\Expressions.Test.csproj", "{ED5C3EA6-589A-4E75-A30B-8DC0CD8F6D7F}"
EndProject
Project("{FAE04EC0-301F-11D3-BF4B-00C04F79EFBC}") = "Expressions.Linq", "Expressions\Expressions.Linq\Expressions.Linq.csproj", "{7A4EAF87-37CA-44FD-8D85-38BBEE1F8380}"
EndProject
Project("{FAE04EC0-301F-11D3-BF4B-00C04F79EFBC}") = "Expressions.Linq.Test", "Expressions\Tests\Expressions.Linq.Test\Expressions.Linq.Test.csproj", "{8BA30365-7FFB-4D28-AD9C-8CDEA217D916}"
EndProject
Project("{2150E333-8FDC-42A3-9474-1A3956D46DE8}") = "Collections", "Collections", "{9D5E5B9A-DBBF-4B44-8694-6B5CBD2A36F7}"
EndProject
Project("{FAE04EC0-301F-11D3-BF4B-00C04F79EFBC}") = "Collections", "Collections\Collections\Collections.csproj", "{BA39B227-B85E-4592-B913-D7EDB7FC24B4}"
EndProject
Project("{FAE04EC0-301F-11D3-BF4B-00C04F79EFBC}") = "Collections.Test", "Collections\Collections.Test\Collections.Test.csproj", "{65EC90FC-AFCA-4C1F-A37B-A71E9B2B64BA}"
EndProject
Project("{2150E333-8FDC-42A3-9474-1A3956D46DE8}") = "Analysis", "Analysis", "{2D7C7734-3857-410B-91C4-2002C9A498F7}"
EndProject
Project("{FAE04EC0-301F-11D3-BF4B-00C04F79EFBC}") = "Analysis", "Analysis\Analysis\Analysis.csproj", "{F3292244-C961-4565-AE16-B06A00DB3142}"
EndProject
Project("{FAE04EC0-301F-11D3-BF4B-00C04F79EFBC}") = "Benchmarks", "Analysis\Benchmarks\Benchmarks.csproj", "{3D7C0603-DE5E-474D-966F-116ABBA8B79F}"
EndProject
Project("{FAE04EC0-301F-11D3-BF4B-00C04F79EFBC}") = "Connectivity", "Analysis\Connectivity\Connectivity.csproj", "{FD22F64C-F257-4023-8E9F-575945390A15}"
EndProject
Project("{FAE04EC0-301F-11D3-BF4B-00C04F79EFBC}") = "Layering", "Analysis\Layering\Layering.csproj", "{97844C8C-1303-4959-81BD-E85D49E3ECAC}"
EndProject
Project("{2150E333-8FDC-42A3-9474-1A3956D46DE8}") = "Examples", "Examples", "{0BB38A44-9392-490D-89A0-8F3F1EF23269}"
EndProject
Project("{FAE04EC0-301F-11D3-BF4B-00C04F79EFBC}") = "Synchronizations.Sample", "Examples\Synchronizations.Sample\Synchronizations.Sample.csproj", "{201E145E-A038-4BCF-BECC-93569837DD58}"
EndProject
Project("{FAE04EC0-301F-11D3-BF4B-00C04F79EFBC}") = "Transformations.Sample", "Examples\Transformations.Sample\Transformations.Sample.csproj", "{7078343D-2DD7-4E31-8A0E-6143BA85B5F9}"
EndProject
Project("{FAE04EC0-301F-11D3-BF4B-00C04F79EFBC}") = "Expressions.Configuration", "Expressions\Expressions.Configuration\Expressions.Configuration.csproj", "{28512FCE-1D9B-471B-8196-72986E99CCA3}"
EndProject
Project("{FAE04EC0-301F-11D3-BF4B-00C04F79EFBC}") = "Expressions.Utilities", "Expressions\Expressions.Utilities\Expressions.Utilities.csproj", "{A8AEF5FB-AEBE-4BEC-AF4B-F81096EE2C1B}"
EndProject
Project("{FAE04EC0-301F-11D3-BF4B-00C04F79EFBC}") = "Expressions.Models", "Expressions\Expressions.Models\Expressions.Models.csproj", "{BD6D3B31-8A38-45D2-910C-070FB3FC5ED1}"
EndProject
Project("{FAE04EC0-301F-11D3-BF4B-00C04F79EFBC}") = "Expressions.Configuration.Test", "Expressions\Tests\Expressions.Configuration.Test\Expressions.Configuration.Test.csproj", "{307BD76A-B574-4CA8-B00D-AC387C8220F4}"
EndProject
Project("{FAE04EC0-301F-11D3-BF4B-00C04F79EFBC}") = "Expressions.Utilities.Test", "Expressions\Tests\Expressions.Utilities.Test\Expressions.Utilities.Test.csproj", "{151DF8D1-25C2-488A-9607-04879D44D7E7}"
EndProject
Project("{FAE04EC0-301F-11D3-BF4B-00C04F79EFBC}") = "Expressions.Models.Test", "Expressions\Tests\Expressions.Models.Test\Expressions.Models.Test.csproj", "{A85D78E6-87B8-4DE1-8DD0-D18D78C6053C}"
EndProject
Project("{2150E333-8FDC-42A3-9474-1A3956D46DE8}") = "Interop", "Interop", "{491101ED-788D-4939-BA52-DAA952BC1205}"
EndProject
Project("{FAE04EC0-301F-11D3-BF4B-00C04F79EFBC}") = "EcoreInterop", "Interop\EcoreInterop\EcoreInterop.csproj", "{B705057B-34F8-4F54-A0AF-D06F57263995}"
EndProject
Project("{FAE04EC0-301F-11D3-BF4B-00C04F79EFBC}") = "EcoreInterop.Test", "Interop\EcoreInterop.Test\EcoreInterop.Test.csproj", "{69C1D91A-A200-41B3-AF03-DF29A24F8CE5}"
EndProject
Project("{2150E333-8FDC-42A3-9474-1A3956D46DE8}") = "Models", "Models", "{37F61DA5-E06C-4585-BDD9-869F9BFA6D79}"
EndProject
Project("{FAE04EC0-301F-11D3-BF4B-00C04F79EFBC}") = "Models", "Models\Models\Models.csproj", "{DB87E52A-54B5-4773-9952-D5A08086B0F1}"
EndProject
Project("{FAE04EC0-301F-11D3-BF4B-00C04F79EFBC}") = "Models.Test", "Models\Models.Test\Models.Test.csproj", "{FE646255-2E04-4270-8FE0-3A00B319896B}"
EndProject
Project("{FAE04EC0-301F-11D3-BF4B-00C04F79EFBC}") = "Serialization", "Models\Serialization\Serialization.csproj", "{2019F3E5-A5A5-4446-9618-59A42710F13D}"
EndProject
Project("{2150E333-8FDC-42A3-9474-1A3956D46DE8}") = "Optimizations", "Optimizations", "{EE89D2B6-B9B8-4E6C-9E5F-8DDE8BED6DD2}"
EndProject
Project("{FAE04EC0-301F-11D3-BF4B-00C04F79EFBC}") = "Optimizations", "Optimizations\Optimizations\Optimizations.csproj", "{4F2354C2-B911-4F9E-A7C3-C3AFB57B8705}"
EndProject
Project("{FAE04EC0-301F-11D3-BF4B-00C04F79EFBC}") = "Optimizations.Test", "Optimizations\Optimizations.Test\Optimizations.Test.csproj", "{2BD7AB6E-558D-436C-AACA-1740EABFA269}"
EndProject
Project("{2150E333-8FDC-42A3-9474-1A3956D46DE8}") = "Synchronizations", "Synchronizations", "{B307E5EA-0B04-4E46-9DD3-FA00DD12A666}"
EndProject
Project("{FAE04EC0-301F-11D3-BF4B-00C04F79EFBC}") = "Synchronizations", "Synchronizations\Synchronizations\Synchronizations.csproj", "{BEEE31A9-C694-44E4-ACAE-C839FAFA4DFA}"
EndProject
Project("{FAE04EC0-301F-11D3-BF4B-00C04F79EFBC}") = "Synchronizations.Test", "Synchronizations\Synchronizations.Test\Synchronizations.Test.csproj", "{DF9D70F1-BEAC-4155-AA73-125313CB22FB}"
EndProject
Project("{2150E333-8FDC-42A3-9474-1A3956D46DE8}") = "Tools", "Tools", "{41CC1158-96A5-453D-8173-0311087C04C6}"
EndProject
Project("{FAE04EC0-301F-11D3-BF4B-00C04F79EFBC}") = "Ecore2Code", "Tools\Ecore2Code\Ecore2Code.csproj", "{EE3C86ED-8E6D-4C21-866F-0BB63EB039DC}"
EndProject
Project("{FAE04EC0-301F-11D3-BF4B-00C04F79EFBC}") = "Incerator", "Tools\Incerator\Incerator.csproj", "{93E24858-1D4D-4E37-8162-81297C31CDD1}"
EndProject
Project("{FAE04EC0-301F-11D3-BF4B-00C04F79EFBC}") = "Utilities", "Tools\Utilities\Utilities.csproj", "{822BFE2B-D9A4-480F-87BA-2F9F3D3CB1DE}"
EndProject
Project("{FAE04EC0-301F-11D3-BF4B-00C04F79EFBC}") = "Utilities.Test", "Tools\Utilities.Test\Utilities.Test.csproj", "{237C1108-10A3-4CBD-B2EF-4513A786E015}"
EndProject
Project("{2150E333-8FDC-42A3-9474-1A3956D46DE8}") = "Transformations", "Transformations", "{A05ED4F8-C8A7-4006-8ABB-52B9BDDF913A}"
EndProject
Project("{FAE04EC0-301F-11D3-BF4B-00C04F79EFBC}") = "CodeGen", "Transformations\CodeGen\CodeGen.csproj", "{1F05BDE9-EC29-4AB9-AC11-4F308E1080D8}"
EndProject
Project("{FAE04EC0-301F-11D3-BF4B-00C04F79EFBC}") = "Models.MetaTransformation", "Transformations\Models.MetaTransformation\Models.MetaTransformation.csproj", "{54DFD1E4-E71C-48DF-AFC9-67292F2A7F43}"
EndProject
Project("{FAE04EC0-301F-11D3-BF4B-00C04F79EFBC}") = "Models.Transformations", "Transformations\Models.Transformations\Models.Transformations.csproj", "{C3C58B22-BDD3-418E-B8E0-D03C162EDC98}"
EndProject
Project("{FAE04EC0-301F-11D3-BF4B-00C04F79EFBC}") = "CodeGen.Test", "Transformations\Tests\CodeGen.Test\CodeGen.Test.csproj", "{78ABBD77-C661-4E64-A64D-92E0C519932B}"
EndProject
Project("{FAE04EC0-301F-11D3-BF4B-00C04F79EFBC}") = "Transformations", "Transformations\Transformations\Transformations.csproj", "{5BC7A4D2-D452-475F-AA6F-814E87459644}"
EndProject
Project("{FAE04EC0-301F-11D3-BF4B-00C04F79EFBC}") = "Transformations.Core", "Transformations\Transformations.Core\Transformations.Core.csproj", "{81C8A050-3A62-4F45-8B78-34C364FBA06B}"
EndProject
Project("{FAE04EC0-301F-11D3-BF4B-00C04F79EFBC}") = "Transformations.Parallel", "Transformations\Transformations.Parallel\Transformations.Parallel.csproj", "{45E5C83D-5137-404C-ACAB-7855AE349B00}"
EndProject
Project("{FAE04EC0-301F-11D3-BF4B-00C04F79EFBC}") = "Transformations.Test", "Transformations\Tests\Transformations.Test\Transformations.Test.csproj", "{F7D7D24B-80E4-4243-A94D-0C0B09A1A54E}"
EndProject
Project("{9A19103F-16F7-4668-BE54-9A1E7A4F7556}") = "Tests", "Tools\Tests\Tests.csproj", "{B76A2FFF-2B9C-4080-8931-3155E9E1DC59}"
EndProject
Project("{FAE04EC0-301F-11D3-BF4B-00C04F79EFBC}") = "Transformations.Trace", "Transformations\Transformations.Trace\Transformations.Trace.csproj", "{8E7E0F04-F850-4D61-863B-B4A49D339759}"
EndProject
Project("{2150E333-8FDC-42A3-9474-1A3956D46DE8}") = "Tests", "Tests", "{0B716A9E-528C-4C72-9B76-00345C501998}"
EndProject
Global
	GlobalSection(SolutionConfigurationPlatforms) = preSolution
		Debug|Any CPU = Debug|Any CPU
		Debug|x64 = Debug|x64
		Debug|x86 = Debug|x86
		Release|Any CPU = Release|Any CPU
		Release|x64 = Release|x64
		Release|x86 = Release|x86
	EndGlobalSection
	GlobalSection(ProjectConfigurationPlatforms) = postSolution
		{84E1F6E4-A811-4D29-867C-F879C9CBCCA4}.Debug|Any CPU.ActiveCfg = Debug|Any CPU
		{84E1F6E4-A811-4D29-867C-F879C9CBCCA4}.Debug|Any CPU.Build.0 = Debug|Any CPU
		{84E1F6E4-A811-4D29-867C-F879C9CBCCA4}.Debug|x64.ActiveCfg = Debug|x64
		{84E1F6E4-A811-4D29-867C-F879C9CBCCA4}.Debug|x64.Build.0 = Debug|x64
		{84E1F6E4-A811-4D29-867C-F879C9CBCCA4}.Debug|x86.ActiveCfg = Debug|x86
		{84E1F6E4-A811-4D29-867C-F879C9CBCCA4}.Debug|x86.Build.0 = Debug|x86
		{84E1F6E4-A811-4D29-867C-F879C9CBCCA4}.Release|Any CPU.ActiveCfg = Release|Any CPU
		{84E1F6E4-A811-4D29-867C-F879C9CBCCA4}.Release|Any CPU.Build.0 = Release|Any CPU
		{84E1F6E4-A811-4D29-867C-F879C9CBCCA4}.Release|x64.ActiveCfg = Release|x64
		{84E1F6E4-A811-4D29-867C-F879C9CBCCA4}.Release|x64.Build.0 = Release|x64
		{84E1F6E4-A811-4D29-867C-F879C9CBCCA4}.Release|x86.ActiveCfg = Release|x86
		{84E1F6E4-A811-4D29-867C-F879C9CBCCA4}.Release|x86.Build.0 = Release|x86
		{ED5C3EA6-589A-4E75-A30B-8DC0CD8F6D7F}.Debug|Any CPU.ActiveCfg = Debug|Any CPU
		{ED5C3EA6-589A-4E75-A30B-8DC0CD8F6D7F}.Debug|Any CPU.Build.0 = Debug|Any CPU
		{ED5C3EA6-589A-4E75-A30B-8DC0CD8F6D7F}.Debug|x64.ActiveCfg = Debug|x64
		{ED5C3EA6-589A-4E75-A30B-8DC0CD8F6D7F}.Debug|x64.Build.0 = Debug|x64
		{ED5C3EA6-589A-4E75-A30B-8DC0CD8F6D7F}.Debug|x86.ActiveCfg = Debug|x86
		{ED5C3EA6-589A-4E75-A30B-8DC0CD8F6D7F}.Debug|x86.Build.0 = Debug|x86
		{ED5C3EA6-589A-4E75-A30B-8DC0CD8F6D7F}.Release|Any CPU.ActiveCfg = Release|Any CPU
		{ED5C3EA6-589A-4E75-A30B-8DC0CD8F6D7F}.Release|Any CPU.Build.0 = Release|Any CPU
		{ED5C3EA6-589A-4E75-A30B-8DC0CD8F6D7F}.Release|x64.ActiveCfg = Release|x64
		{ED5C3EA6-589A-4E75-A30B-8DC0CD8F6D7F}.Release|x64.Build.0 = Release|x64
		{ED5C3EA6-589A-4E75-A30B-8DC0CD8F6D7F}.Release|x86.ActiveCfg = Release|x86
		{ED5C3EA6-589A-4E75-A30B-8DC0CD8F6D7F}.Release|x86.Build.0 = Release|x86
		{7A4EAF87-37CA-44FD-8D85-38BBEE1F8380}.Debug|Any CPU.ActiveCfg = Debug|Any CPU
		{7A4EAF87-37CA-44FD-8D85-38BBEE1F8380}.Debug|Any CPU.Build.0 = Debug|Any CPU
		{7A4EAF87-37CA-44FD-8D85-38BBEE1F8380}.Debug|x64.ActiveCfg = Debug|x64
		{7A4EAF87-37CA-44FD-8D85-38BBEE1F8380}.Debug|x64.Build.0 = Debug|x64
		{7A4EAF87-37CA-44FD-8D85-38BBEE1F8380}.Debug|x86.ActiveCfg = Debug|x86
		{7A4EAF87-37CA-44FD-8D85-38BBEE1F8380}.Debug|x86.Build.0 = Debug|x86
		{7A4EAF87-37CA-44FD-8D85-38BBEE1F8380}.Release|Any CPU.ActiveCfg = Release|Any CPU
		{7A4EAF87-37CA-44FD-8D85-38BBEE1F8380}.Release|Any CPU.Build.0 = Release|Any CPU
		{7A4EAF87-37CA-44FD-8D85-38BBEE1F8380}.Release|x64.ActiveCfg = Release|x64
		{7A4EAF87-37CA-44FD-8D85-38BBEE1F8380}.Release|x64.Build.0 = Release|x64
		{7A4EAF87-37CA-44FD-8D85-38BBEE1F8380}.Release|x86.ActiveCfg = Release|x86
		{7A4EAF87-37CA-44FD-8D85-38BBEE1F8380}.Release|x86.Build.0 = Release|x86
		{8BA30365-7FFB-4D28-AD9C-8CDEA217D916}.Debug|Any CPU.ActiveCfg = Debug|Any CPU
		{8BA30365-7FFB-4D28-AD9C-8CDEA217D916}.Debug|Any CPU.Build.0 = Debug|Any CPU
		{8BA30365-7FFB-4D28-AD9C-8CDEA217D916}.Debug|x64.ActiveCfg = Debug|x64
		{8BA30365-7FFB-4D28-AD9C-8CDEA217D916}.Debug|x64.Build.0 = Debug|x64
		{8BA30365-7FFB-4D28-AD9C-8CDEA217D916}.Debug|x86.ActiveCfg = Debug|x86
		{8BA30365-7FFB-4D28-AD9C-8CDEA217D916}.Debug|x86.Build.0 = Debug|x86
		{8BA30365-7FFB-4D28-AD9C-8CDEA217D916}.Release|Any CPU.ActiveCfg = Release|Any CPU
		{8BA30365-7FFB-4D28-AD9C-8CDEA217D916}.Release|Any CPU.Build.0 = Release|Any CPU
		{8BA30365-7FFB-4D28-AD9C-8CDEA217D916}.Release|x64.ActiveCfg = Release|x64
		{8BA30365-7FFB-4D28-AD9C-8CDEA217D916}.Release|x64.Build.0 = Release|x64
		{8BA30365-7FFB-4D28-AD9C-8CDEA217D916}.Release|x86.ActiveCfg = Release|x86
		{8BA30365-7FFB-4D28-AD9C-8CDEA217D916}.Release|x86.Build.0 = Release|x86
		{BA39B227-B85E-4592-B913-D7EDB7FC24B4}.Debug|Any CPU.ActiveCfg = Debug|Any CPU
		{BA39B227-B85E-4592-B913-D7EDB7FC24B4}.Debug|Any CPU.Build.0 = Debug|Any CPU
		{BA39B227-B85E-4592-B913-D7EDB7FC24B4}.Debug|x64.ActiveCfg = Debug|x64
		{BA39B227-B85E-4592-B913-D7EDB7FC24B4}.Debug|x64.Build.0 = Debug|x64
		{BA39B227-B85E-4592-B913-D7EDB7FC24B4}.Debug|x86.ActiveCfg = Debug|x86
		{BA39B227-B85E-4592-B913-D7EDB7FC24B4}.Debug|x86.Build.0 = Debug|x86
		{BA39B227-B85E-4592-B913-D7EDB7FC24B4}.Release|Any CPU.ActiveCfg = Release|Any CPU
		{BA39B227-B85E-4592-B913-D7EDB7FC24B4}.Release|Any CPU.Build.0 = Release|Any CPU
		{BA39B227-B85E-4592-B913-D7EDB7FC24B4}.Release|x64.ActiveCfg = Release|x64
		{BA39B227-B85E-4592-B913-D7EDB7FC24B4}.Release|x64.Build.0 = Release|x64
		{BA39B227-B85E-4592-B913-D7EDB7FC24B4}.Release|x86.ActiveCfg = Release|x86
		{BA39B227-B85E-4592-B913-D7EDB7FC24B4}.Release|x86.Build.0 = Release|x86
		{65EC90FC-AFCA-4C1F-A37B-A71E9B2B64BA}.Debug|Any CPU.ActiveCfg = Debug|Any CPU
		{65EC90FC-AFCA-4C1F-A37B-A71E9B2B64BA}.Debug|Any CPU.Build.0 = Debug|Any CPU
		{65EC90FC-AFCA-4C1F-A37B-A71E9B2B64BA}.Debug|x64.ActiveCfg = Debug|x64
		{65EC90FC-AFCA-4C1F-A37B-A71E9B2B64BA}.Debug|x64.Build.0 = Debug|x64
		{65EC90FC-AFCA-4C1F-A37B-A71E9B2B64BA}.Debug|x86.ActiveCfg = Debug|x86
		{65EC90FC-AFCA-4C1F-A37B-A71E9B2B64BA}.Debug|x86.Build.0 = Debug|x86
		{65EC90FC-AFCA-4C1F-A37B-A71E9B2B64BA}.Release|Any CPU.ActiveCfg = Release|Any CPU
		{65EC90FC-AFCA-4C1F-A37B-A71E9B2B64BA}.Release|Any CPU.Build.0 = Release|Any CPU
		{65EC90FC-AFCA-4C1F-A37B-A71E9B2B64BA}.Release|x64.ActiveCfg = Release|x64
		{65EC90FC-AFCA-4C1F-A37B-A71E9B2B64BA}.Release|x64.Build.0 = Release|x64
		{65EC90FC-AFCA-4C1F-A37B-A71E9B2B64BA}.Release|x86.ActiveCfg = Release|x86
		{65EC90FC-AFCA-4C1F-A37B-A71E9B2B64BA}.Release|x86.Build.0 = Release|x86
		{F3292244-C961-4565-AE16-B06A00DB3142}.Debug|Any CPU.ActiveCfg = Debug|Any CPU
		{F3292244-C961-4565-AE16-B06A00DB3142}.Debug|Any CPU.Build.0 = Debug|Any CPU
		{F3292244-C961-4565-AE16-B06A00DB3142}.Debug|x64.ActiveCfg = Debug|x64
		{F3292244-C961-4565-AE16-B06A00DB3142}.Debug|x64.Build.0 = Debug|x64
		{F3292244-C961-4565-AE16-B06A00DB3142}.Debug|x86.ActiveCfg = Debug|x86
		{F3292244-C961-4565-AE16-B06A00DB3142}.Debug|x86.Build.0 = Debug|x86
		{F3292244-C961-4565-AE16-B06A00DB3142}.Release|Any CPU.ActiveCfg = Release|Any CPU
		{F3292244-C961-4565-AE16-B06A00DB3142}.Release|Any CPU.Build.0 = Release|Any CPU
		{F3292244-C961-4565-AE16-B06A00DB3142}.Release|x64.ActiveCfg = Release|x64
		{F3292244-C961-4565-AE16-B06A00DB3142}.Release|x64.Build.0 = Release|x64
		{F3292244-C961-4565-AE16-B06A00DB3142}.Release|x86.ActiveCfg = Release|x86
		{F3292244-C961-4565-AE16-B06A00DB3142}.Release|x86.Build.0 = Release|x86
		{3D7C0603-DE5E-474D-966F-116ABBA8B79F}.Debug|Any CPU.ActiveCfg = Debug|Any CPU
		{3D7C0603-DE5E-474D-966F-116ABBA8B79F}.Debug|Any CPU.Build.0 = Debug|Any CPU
		{3D7C0603-DE5E-474D-966F-116ABBA8B79F}.Debug|x64.ActiveCfg = Debug|x64
		{3D7C0603-DE5E-474D-966F-116ABBA8B79F}.Debug|x64.Build.0 = Debug|x64
		{3D7C0603-DE5E-474D-966F-116ABBA8B79F}.Debug|x86.ActiveCfg = Debug|x86
		{3D7C0603-DE5E-474D-966F-116ABBA8B79F}.Debug|x86.Build.0 = Debug|x86
		{3D7C0603-DE5E-474D-966F-116ABBA8B79F}.Release|Any CPU.ActiveCfg = Release|Any CPU
		{3D7C0603-DE5E-474D-966F-116ABBA8B79F}.Release|Any CPU.Build.0 = Release|Any CPU
		{3D7C0603-DE5E-474D-966F-116ABBA8B79F}.Release|x64.ActiveCfg = Release|x64
		{3D7C0603-DE5E-474D-966F-116ABBA8B79F}.Release|x64.Build.0 = Release|x64
		{3D7C0603-DE5E-474D-966F-116ABBA8B79F}.Release|x86.ActiveCfg = Release|x86
		{3D7C0603-DE5E-474D-966F-116ABBA8B79F}.Release|x86.Build.0 = Release|x86
		{FD22F64C-F257-4023-8E9F-575945390A15}.Debug|Any CPU.ActiveCfg = Debug|Any CPU
		{FD22F64C-F257-4023-8E9F-575945390A15}.Debug|Any CPU.Build.0 = Debug|Any CPU
		{FD22F64C-F257-4023-8E9F-575945390A15}.Debug|x64.ActiveCfg = Debug|x64
		{FD22F64C-F257-4023-8E9F-575945390A15}.Debug|x64.Build.0 = Debug|x64
		{FD22F64C-F257-4023-8E9F-575945390A15}.Debug|x86.ActiveCfg = Debug|x86
		{FD22F64C-F257-4023-8E9F-575945390A15}.Debug|x86.Build.0 = Debug|x86
		{FD22F64C-F257-4023-8E9F-575945390A15}.Release|Any CPU.ActiveCfg = Release|Any CPU
		{FD22F64C-F257-4023-8E9F-575945390A15}.Release|Any CPU.Build.0 = Release|Any CPU
		{FD22F64C-F257-4023-8E9F-575945390A15}.Release|x64.ActiveCfg = Release|x64
		{FD22F64C-F257-4023-8E9F-575945390A15}.Release|x64.Build.0 = Release|x64
		{FD22F64C-F257-4023-8E9F-575945390A15}.Release|x86.ActiveCfg = Release|x86
		{FD22F64C-F257-4023-8E9F-575945390A15}.Release|x86.Build.0 = Release|x86
		{97844C8C-1303-4959-81BD-E85D49E3ECAC}.Debug|Any CPU.ActiveCfg = Debug|Any CPU
		{97844C8C-1303-4959-81BD-E85D49E3ECAC}.Debug|Any CPU.Build.0 = Debug|Any CPU
		{97844C8C-1303-4959-81BD-E85D49E3ECAC}.Debug|x64.ActiveCfg = Debug|x64
		{97844C8C-1303-4959-81BD-E85D49E3ECAC}.Debug|x64.Build.0 = Debug|x64
		{97844C8C-1303-4959-81BD-E85D49E3ECAC}.Debug|x86.ActiveCfg = Debug|x86
		{97844C8C-1303-4959-81BD-E85D49E3ECAC}.Debug|x86.Build.0 = Debug|x86
		{97844C8C-1303-4959-81BD-E85D49E3ECAC}.Release|Any CPU.ActiveCfg = Release|Any CPU
		{97844C8C-1303-4959-81BD-E85D49E3ECAC}.Release|Any CPU.Build.0 = Release|Any CPU
		{97844C8C-1303-4959-81BD-E85D49E3ECAC}.Release|x64.ActiveCfg = Release|x64
		{97844C8C-1303-4959-81BD-E85D49E3ECAC}.Release|x64.Build.0 = Release|x64
		{97844C8C-1303-4959-81BD-E85D49E3ECAC}.Release|x86.ActiveCfg = Release|x86
		{97844C8C-1303-4959-81BD-E85D49E3ECAC}.Release|x86.Build.0 = Release|x86
		{201E145E-A038-4BCF-BECC-93569837DD58}.Debug|Any CPU.ActiveCfg = Debug|Any CPU
		{201E145E-A038-4BCF-BECC-93569837DD58}.Debug|Any CPU.Build.0 = Debug|Any CPU
		{201E145E-A038-4BCF-BECC-93569837DD58}.Debug|x64.ActiveCfg = Debug|x64
		{201E145E-A038-4BCF-BECC-93569837DD58}.Debug|x64.Build.0 = Debug|x64
		{201E145E-A038-4BCF-BECC-93569837DD58}.Debug|x86.ActiveCfg = Debug|x86
		{201E145E-A038-4BCF-BECC-93569837DD58}.Debug|x86.Build.0 = Debug|x86
		{201E145E-A038-4BCF-BECC-93569837DD58}.Release|Any CPU.ActiveCfg = Release|Any CPU
		{201E145E-A038-4BCF-BECC-93569837DD58}.Release|Any CPU.Build.0 = Release|Any CPU
		{201E145E-A038-4BCF-BECC-93569837DD58}.Release|x64.ActiveCfg = Release|x64
		{201E145E-A038-4BCF-BECC-93569837DD58}.Release|x64.Build.0 = Release|x64
		{201E145E-A038-4BCF-BECC-93569837DD58}.Release|x86.ActiveCfg = Release|x86
		{201E145E-A038-4BCF-BECC-93569837DD58}.Release|x86.Build.0 = Release|x86
		{7078343D-2DD7-4E31-8A0E-6143BA85B5F9}.Debug|Any CPU.ActiveCfg = Debug|Any CPU
		{7078343D-2DD7-4E31-8A0E-6143BA85B5F9}.Debug|Any CPU.Build.0 = Debug|Any CPU
		{7078343D-2DD7-4E31-8A0E-6143BA85B5F9}.Debug|x64.ActiveCfg = Debug|x64
		{7078343D-2DD7-4E31-8A0E-6143BA85B5F9}.Debug|x64.Build.0 = Debug|x64
		{7078343D-2DD7-4E31-8A0E-6143BA85B5F9}.Debug|x86.ActiveCfg = Debug|x86
		{7078343D-2DD7-4E31-8A0E-6143BA85B5F9}.Debug|x86.Build.0 = Debug|x86
		{7078343D-2DD7-4E31-8A0E-6143BA85B5F9}.Release|Any CPU.ActiveCfg = Release|Any CPU
		{7078343D-2DD7-4E31-8A0E-6143BA85B5F9}.Release|Any CPU.Build.0 = Release|Any CPU
		{7078343D-2DD7-4E31-8A0E-6143BA85B5F9}.Release|x64.ActiveCfg = Release|x64
		{7078343D-2DD7-4E31-8A0E-6143BA85B5F9}.Release|x64.Build.0 = Release|x64
		{7078343D-2DD7-4E31-8A0E-6143BA85B5F9}.Release|x86.ActiveCfg = Release|x86
		{7078343D-2DD7-4E31-8A0E-6143BA85B5F9}.Release|x86.Build.0 = Release|x86
		{28512FCE-1D9B-471B-8196-72986E99CCA3}.Debug|Any CPU.ActiveCfg = Debug|Any CPU
		{28512FCE-1D9B-471B-8196-72986E99CCA3}.Debug|Any CPU.Build.0 = Debug|Any CPU
		{28512FCE-1D9B-471B-8196-72986E99CCA3}.Debug|x64.ActiveCfg = Debug|x64
		{28512FCE-1D9B-471B-8196-72986E99CCA3}.Debug|x64.Build.0 = Debug|x64
		{28512FCE-1D9B-471B-8196-72986E99CCA3}.Debug|x86.ActiveCfg = Debug|x86
		{28512FCE-1D9B-471B-8196-72986E99CCA3}.Debug|x86.Build.0 = Debug|x86
		{28512FCE-1D9B-471B-8196-72986E99CCA3}.Release|Any CPU.ActiveCfg = Release|Any CPU
		{28512FCE-1D9B-471B-8196-72986E99CCA3}.Release|Any CPU.Build.0 = Release|Any CPU
		{28512FCE-1D9B-471B-8196-72986E99CCA3}.Release|x64.ActiveCfg = Release|x64
		{28512FCE-1D9B-471B-8196-72986E99CCA3}.Release|x64.Build.0 = Release|x64
		{28512FCE-1D9B-471B-8196-72986E99CCA3}.Release|x86.ActiveCfg = Release|x86
		{28512FCE-1D9B-471B-8196-72986E99CCA3}.Release|x86.Build.0 = Release|x86
		{A8AEF5FB-AEBE-4BEC-AF4B-F81096EE2C1B}.Debug|Any CPU.ActiveCfg = Debug|Any CPU
		{A8AEF5FB-AEBE-4BEC-AF4B-F81096EE2C1B}.Debug|Any CPU.Build.0 = Debug|Any CPU
		{A8AEF5FB-AEBE-4BEC-AF4B-F81096EE2C1B}.Debug|x64.ActiveCfg = Debug|x64
		{A8AEF5FB-AEBE-4BEC-AF4B-F81096EE2C1B}.Debug|x64.Build.0 = Debug|x64
		{A8AEF5FB-AEBE-4BEC-AF4B-F81096EE2C1B}.Debug|x86.ActiveCfg = Debug|x86
		{A8AEF5FB-AEBE-4BEC-AF4B-F81096EE2C1B}.Debug|x86.Build.0 = Debug|x86
		{A8AEF5FB-AEBE-4BEC-AF4B-F81096EE2C1B}.Release|Any CPU.ActiveCfg = Release|Any CPU
		{A8AEF5FB-AEBE-4BEC-AF4B-F81096EE2C1B}.Release|Any CPU.Build.0 = Release|Any CPU
		{A8AEF5FB-AEBE-4BEC-AF4B-F81096EE2C1B}.Release|x64.ActiveCfg = Release|x64
		{A8AEF5FB-AEBE-4BEC-AF4B-F81096EE2C1B}.Release|x64.Build.0 = Release|x64
		{A8AEF5FB-AEBE-4BEC-AF4B-F81096EE2C1B}.Release|x86.ActiveCfg = Release|x86
		{A8AEF5FB-AEBE-4BEC-AF4B-F81096EE2C1B}.Release|x86.Build.0 = Release|x86
		{BD6D3B31-8A38-45D2-910C-070FB3FC5ED1}.Debug|Any CPU.ActiveCfg = Debug|Any CPU
		{BD6D3B31-8A38-45D2-910C-070FB3FC5ED1}.Debug|Any CPU.Build.0 = Debug|Any CPU
		{BD6D3B31-8A38-45D2-910C-070FB3FC5ED1}.Debug|x64.ActiveCfg = Debug|x64
		{BD6D3B31-8A38-45D2-910C-070FB3FC5ED1}.Debug|x64.Build.0 = Debug|x64
		{BD6D3B31-8A38-45D2-910C-070FB3FC5ED1}.Debug|x86.ActiveCfg = Debug|x86
		{BD6D3B31-8A38-45D2-910C-070FB3FC5ED1}.Debug|x86.Build.0 = Debug|x86
		{BD6D3B31-8A38-45D2-910C-070FB3FC5ED1}.Release|Any CPU.ActiveCfg = Release|Any CPU
		{BD6D3B31-8A38-45D2-910C-070FB3FC5ED1}.Release|Any CPU.Build.0 = Release|Any CPU
		{BD6D3B31-8A38-45D2-910C-070FB3FC5ED1}.Release|x64.ActiveCfg = Release|x64
		{BD6D3B31-8A38-45D2-910C-070FB3FC5ED1}.Release|x64.Build.0 = Release|x64
		{BD6D3B31-8A38-45D2-910C-070FB3FC5ED1}.Release|x86.ActiveCfg = Release|x86
		{BD6D3B31-8A38-45D2-910C-070FB3FC5ED1}.Release|x86.Build.0 = Release|x86
		{307BD76A-B574-4CA8-B00D-AC387C8220F4}.Debug|Any CPU.ActiveCfg = Debug|Any CPU
		{307BD76A-B574-4CA8-B00D-AC387C8220F4}.Debug|Any CPU.Build.0 = Debug|Any CPU
		{307BD76A-B574-4CA8-B00D-AC387C8220F4}.Debug|x64.ActiveCfg = Debug|x64
		{307BD76A-B574-4CA8-B00D-AC387C8220F4}.Debug|x64.Build.0 = Debug|x64
		{307BD76A-B574-4CA8-B00D-AC387C8220F4}.Debug|x86.ActiveCfg = Debug|x86
		{307BD76A-B574-4CA8-B00D-AC387C8220F4}.Debug|x86.Build.0 = Debug|x86
		{307BD76A-B574-4CA8-B00D-AC387C8220F4}.Release|Any CPU.ActiveCfg = Release|Any CPU
		{307BD76A-B574-4CA8-B00D-AC387C8220F4}.Release|Any CPU.Build.0 = Release|Any CPU
		{307BD76A-B574-4CA8-B00D-AC387C8220F4}.Release|x64.ActiveCfg = Release|x64
		{307BD76A-B574-4CA8-B00D-AC387C8220F4}.Release|x64.Build.0 = Release|x64
		{307BD76A-B574-4CA8-B00D-AC387C8220F4}.Release|x86.ActiveCfg = Release|x86
		{307BD76A-B574-4CA8-B00D-AC387C8220F4}.Release|x86.Build.0 = Release|x86
		{151DF8D1-25C2-488A-9607-04879D44D7E7}.Debug|Any CPU.ActiveCfg = Debug|Any CPU
		{151DF8D1-25C2-488A-9607-04879D44D7E7}.Debug|Any CPU.Build.0 = Debug|Any CPU
		{151DF8D1-25C2-488A-9607-04879D44D7E7}.Debug|x64.ActiveCfg = Debug|x64
		{151DF8D1-25C2-488A-9607-04879D44D7E7}.Debug|x64.Build.0 = Debug|x64
		{151DF8D1-25C2-488A-9607-04879D44D7E7}.Debug|x86.ActiveCfg = Debug|x86
		{151DF8D1-25C2-488A-9607-04879D44D7E7}.Debug|x86.Build.0 = Debug|x86
		{151DF8D1-25C2-488A-9607-04879D44D7E7}.Release|Any CPU.ActiveCfg = Release|Any CPU
		{151DF8D1-25C2-488A-9607-04879D44D7E7}.Release|Any CPU.Build.0 = Release|Any CPU
		{151DF8D1-25C2-488A-9607-04879D44D7E7}.Release|x64.ActiveCfg = Release|x64
		{151DF8D1-25C2-488A-9607-04879D44D7E7}.Release|x64.Build.0 = Release|x64
		{151DF8D1-25C2-488A-9607-04879D44D7E7}.Release|x86.ActiveCfg = Release|x86
		{151DF8D1-25C2-488A-9607-04879D44D7E7}.Release|x86.Build.0 = Release|x86
		{A85D78E6-87B8-4DE1-8DD0-D18D78C6053C}.Debug|Any CPU.ActiveCfg = Debug|Any CPU
		{A85D78E6-87B8-4DE1-8DD0-D18D78C6053C}.Debug|Any CPU.Build.0 = Debug|Any CPU
		{A85D78E6-87B8-4DE1-8DD0-D18D78C6053C}.Debug|x64.ActiveCfg = Debug|x64
		{A85D78E6-87B8-4DE1-8DD0-D18D78C6053C}.Debug|x64.Build.0 = Debug|x64
		{A85D78E6-87B8-4DE1-8DD0-D18D78C6053C}.Debug|x86.ActiveCfg = Debug|x86
		{A85D78E6-87B8-4DE1-8DD0-D18D78C6053C}.Debug|x86.Build.0 = Debug|x86
		{A85D78E6-87B8-4DE1-8DD0-D18D78C6053C}.Release|Any CPU.ActiveCfg = Release|Any CPU
		{A85D78E6-87B8-4DE1-8DD0-D18D78C6053C}.Release|Any CPU.Build.0 = Release|Any CPU
		{A85D78E6-87B8-4DE1-8DD0-D18D78C6053C}.Release|x64.ActiveCfg = Release|x64
		{A85D78E6-87B8-4DE1-8DD0-D18D78C6053C}.Release|x64.Build.0 = Release|x64
		{A85D78E6-87B8-4DE1-8DD0-D18D78C6053C}.Release|x86.ActiveCfg = Release|x86
		{A85D78E6-87B8-4DE1-8DD0-D18D78C6053C}.Release|x86.Build.0 = Release|x86
		{B705057B-34F8-4F54-A0AF-D06F57263995}.Debug|Any CPU.ActiveCfg = Debug|Any CPU
		{B705057B-34F8-4F54-A0AF-D06F57263995}.Debug|Any CPU.Build.0 = Debug|Any CPU
		{B705057B-34F8-4F54-A0AF-D06F57263995}.Debug|x64.ActiveCfg = Debug|x64
		{B705057B-34F8-4F54-A0AF-D06F57263995}.Debug|x64.Build.0 = Debug|x64
		{B705057B-34F8-4F54-A0AF-D06F57263995}.Debug|x86.ActiveCfg = Debug|x86
		{B705057B-34F8-4F54-A0AF-D06F57263995}.Debug|x86.Build.0 = Debug|x86
		{B705057B-34F8-4F54-A0AF-D06F57263995}.Release|Any CPU.ActiveCfg = Release|Any CPU
		{B705057B-34F8-4F54-A0AF-D06F57263995}.Release|Any CPU.Build.0 = Release|Any CPU
		{B705057B-34F8-4F54-A0AF-D06F57263995}.Release|x64.ActiveCfg = Release|x64
		{B705057B-34F8-4F54-A0AF-D06F57263995}.Release|x64.Build.0 = Release|x64
		{B705057B-34F8-4F54-A0AF-D06F57263995}.Release|x86.ActiveCfg = Release|x86
		{B705057B-34F8-4F54-A0AF-D06F57263995}.Release|x86.Build.0 = Release|x86
		{69C1D91A-A200-41B3-AF03-DF29A24F8CE5}.Debug|Any CPU.ActiveCfg = Debug|Any CPU
		{69C1D91A-A200-41B3-AF03-DF29A24F8CE5}.Debug|Any CPU.Build.0 = Debug|Any CPU
		{69C1D91A-A200-41B3-AF03-DF29A24F8CE5}.Debug|x64.ActiveCfg = Debug|x64
		{69C1D91A-A200-41B3-AF03-DF29A24F8CE5}.Debug|x64.Build.0 = Debug|x64
		{69C1D91A-A200-41B3-AF03-DF29A24F8CE5}.Debug|x86.ActiveCfg = Debug|x86
		{69C1D91A-A200-41B3-AF03-DF29A24F8CE5}.Debug|x86.Build.0 = Debug|x86
		{69C1D91A-A200-41B3-AF03-DF29A24F8CE5}.Release|Any CPU.ActiveCfg = Release|Any CPU
		{69C1D91A-A200-41B3-AF03-DF29A24F8CE5}.Release|Any CPU.Build.0 = Release|Any CPU
		{69C1D91A-A200-41B3-AF03-DF29A24F8CE5}.Release|x64.ActiveCfg = Release|x64
		{69C1D91A-A200-41B3-AF03-DF29A24F8CE5}.Release|x64.Build.0 = Release|x64
		{69C1D91A-A200-41B3-AF03-DF29A24F8CE5}.Release|x86.ActiveCfg = Release|x86
		{69C1D91A-A200-41B3-AF03-DF29A24F8CE5}.Release|x86.Build.0 = Release|x86
		{DB87E52A-54B5-4773-9952-D5A08086B0F1}.Debug|Any CPU.ActiveCfg = Debug|Any CPU
		{DB87E52A-54B5-4773-9952-D5A08086B0F1}.Debug|Any CPU.Build.0 = Debug|Any CPU
		{DB87E52A-54B5-4773-9952-D5A08086B0F1}.Debug|x64.ActiveCfg = Debug|x64
		{DB87E52A-54B5-4773-9952-D5A08086B0F1}.Debug|x64.Build.0 = Debug|x64
		{DB87E52A-54B5-4773-9952-D5A08086B0F1}.Debug|x86.ActiveCfg = Debug|x86
		{DB87E52A-54B5-4773-9952-D5A08086B0F1}.Debug|x86.Build.0 = Debug|x86
		{DB87E52A-54B5-4773-9952-D5A08086B0F1}.Release|Any CPU.ActiveCfg = Release|Any CPU
		{DB87E52A-54B5-4773-9952-D5A08086B0F1}.Release|Any CPU.Build.0 = Release|Any CPU
		{DB87E52A-54B5-4773-9952-D5A08086B0F1}.Release|x64.ActiveCfg = Release|x64
		{DB87E52A-54B5-4773-9952-D5A08086B0F1}.Release|x64.Build.0 = Release|x64
		{DB87E52A-54B5-4773-9952-D5A08086B0F1}.Release|x86.ActiveCfg = Release|x86
		{DB87E52A-54B5-4773-9952-D5A08086B0F1}.Release|x86.Build.0 = Release|x86
		{FE646255-2E04-4270-8FE0-3A00B319896B}.Debug|Any CPU.ActiveCfg = Debug|Any CPU
		{FE646255-2E04-4270-8FE0-3A00B319896B}.Debug|Any CPU.Build.0 = Debug|Any CPU
		{FE646255-2E04-4270-8FE0-3A00B319896B}.Debug|x64.ActiveCfg = Debug|x64
		{FE646255-2E04-4270-8FE0-3A00B319896B}.Debug|x64.Build.0 = Debug|x64
		{FE646255-2E04-4270-8FE0-3A00B319896B}.Debug|x86.ActiveCfg = Debug|x86
		{FE646255-2E04-4270-8FE0-3A00B319896B}.Debug|x86.Build.0 = Debug|x86
		{FE646255-2E04-4270-8FE0-3A00B319896B}.Release|Any CPU.ActiveCfg = Release|Any CPU
		{FE646255-2E04-4270-8FE0-3A00B319896B}.Release|Any CPU.Build.0 = Release|Any CPU
		{FE646255-2E04-4270-8FE0-3A00B319896B}.Release|x64.ActiveCfg = Release|x64
		{FE646255-2E04-4270-8FE0-3A00B319896B}.Release|x64.Build.0 = Release|x64
		{FE646255-2E04-4270-8FE0-3A00B319896B}.Release|x86.ActiveCfg = Release|x86
		{FE646255-2E04-4270-8FE0-3A00B319896B}.Release|x86.Build.0 = Release|x86
		{2019F3E5-A5A5-4446-9618-59A42710F13D}.Debug|Any CPU.ActiveCfg = Debug|Any CPU
		{2019F3E5-A5A5-4446-9618-59A42710F13D}.Debug|Any CPU.Build.0 = Debug|Any CPU
		{2019F3E5-A5A5-4446-9618-59A42710F13D}.Debug|x64.ActiveCfg = Debug|x64
		{2019F3E5-A5A5-4446-9618-59A42710F13D}.Debug|x64.Build.0 = Debug|x64
		{2019F3E5-A5A5-4446-9618-59A42710F13D}.Debug|x86.ActiveCfg = Debug|x86
		{2019F3E5-A5A5-4446-9618-59A42710F13D}.Debug|x86.Build.0 = Debug|x86
		{2019F3E5-A5A5-4446-9618-59A42710F13D}.Release|Any CPU.ActiveCfg = Release|Any CPU
		{2019F3E5-A5A5-4446-9618-59A42710F13D}.Release|Any CPU.Build.0 = Release|Any CPU
		{2019F3E5-A5A5-4446-9618-59A42710F13D}.Release|x64.ActiveCfg = Release|x64
		{2019F3E5-A5A5-4446-9618-59A42710F13D}.Release|x64.Build.0 = Release|x64
		{2019F3E5-A5A5-4446-9618-59A42710F13D}.Release|x86.ActiveCfg = Release|x86
		{2019F3E5-A5A5-4446-9618-59A42710F13D}.Release|x86.Build.0 = Release|x86
		{4F2354C2-B911-4F9E-A7C3-C3AFB57B8705}.Debug|Any CPU.ActiveCfg = Debug|Any CPU
		{4F2354C2-B911-4F9E-A7C3-C3AFB57B8705}.Debug|Any CPU.Build.0 = Debug|Any CPU
		{4F2354C2-B911-4F9E-A7C3-C3AFB57B8705}.Debug|x64.ActiveCfg = Debug|x64
		{4F2354C2-B911-4F9E-A7C3-C3AFB57B8705}.Debug|x64.Build.0 = Debug|x64
		{4F2354C2-B911-4F9E-A7C3-C3AFB57B8705}.Debug|x86.ActiveCfg = Debug|x86
		{4F2354C2-B911-4F9E-A7C3-C3AFB57B8705}.Debug|x86.Build.0 = Debug|x86
		{4F2354C2-B911-4F9E-A7C3-C3AFB57B8705}.Release|Any CPU.ActiveCfg = Release|Any CPU
		{4F2354C2-B911-4F9E-A7C3-C3AFB57B8705}.Release|Any CPU.Build.0 = Release|Any CPU
		{4F2354C2-B911-4F9E-A7C3-C3AFB57B8705}.Release|x64.ActiveCfg = Release|x64
		{4F2354C2-B911-4F9E-A7C3-C3AFB57B8705}.Release|x64.Build.0 = Release|x64
		{4F2354C2-B911-4F9E-A7C3-C3AFB57B8705}.Release|x86.ActiveCfg = Release|x86
		{4F2354C2-B911-4F9E-A7C3-C3AFB57B8705}.Release|x86.Build.0 = Release|x86
		{2BD7AB6E-558D-436C-AACA-1740EABFA269}.Debug|Any CPU.ActiveCfg = Debug|Any CPU
		{2BD7AB6E-558D-436C-AACA-1740EABFA269}.Debug|Any CPU.Build.0 = Debug|Any CPU
		{2BD7AB6E-558D-436C-AACA-1740EABFA269}.Debug|x64.ActiveCfg = Debug|x64
		{2BD7AB6E-558D-436C-AACA-1740EABFA269}.Debug|x64.Build.0 = Debug|x64
		{2BD7AB6E-558D-436C-AACA-1740EABFA269}.Debug|x86.ActiveCfg = Debug|x86
		{2BD7AB6E-558D-436C-AACA-1740EABFA269}.Debug|x86.Build.0 = Debug|x86
		{2BD7AB6E-558D-436C-AACA-1740EABFA269}.Release|Any CPU.ActiveCfg = Release|Any CPU
		{2BD7AB6E-558D-436C-AACA-1740EABFA269}.Release|Any CPU.Build.0 = Release|Any CPU
		{2BD7AB6E-558D-436C-AACA-1740EABFA269}.Release|x64.ActiveCfg = Release|x64
		{2BD7AB6E-558D-436C-AACA-1740EABFA269}.Release|x64.Build.0 = Release|x64
		{2BD7AB6E-558D-436C-AACA-1740EABFA269}.Release|x86.ActiveCfg = Release|x86
		{2BD7AB6E-558D-436C-AACA-1740EABFA269}.Release|x86.Build.0 = Release|x86
		{BEEE31A9-C694-44E4-ACAE-C839FAFA4DFA}.Debug|Any CPU.ActiveCfg = Debug|Any CPU
		{BEEE31A9-C694-44E4-ACAE-C839FAFA4DFA}.Debug|Any CPU.Build.0 = Debug|Any CPU
		{BEEE31A9-C694-44E4-ACAE-C839FAFA4DFA}.Debug|x64.ActiveCfg = Debug|x64
		{BEEE31A9-C694-44E4-ACAE-C839FAFA4DFA}.Debug|x64.Build.0 = Debug|x64
		{BEEE31A9-C694-44E4-ACAE-C839FAFA4DFA}.Debug|x86.ActiveCfg = Debug|x86
		{BEEE31A9-C694-44E4-ACAE-C839FAFA4DFA}.Debug|x86.Build.0 = Debug|x86
		{BEEE31A9-C694-44E4-ACAE-C839FAFA4DFA}.Release|Any CPU.ActiveCfg = Release|Any CPU
		{BEEE31A9-C694-44E4-ACAE-C839FAFA4DFA}.Release|Any CPU.Build.0 = Release|Any CPU
		{BEEE31A9-C694-44E4-ACAE-C839FAFA4DFA}.Release|x64.ActiveCfg = Release|x64
		{BEEE31A9-C694-44E4-ACAE-C839FAFA4DFA}.Release|x64.Build.0 = Release|x64
		{BEEE31A9-C694-44E4-ACAE-C839FAFA4DFA}.Release|x86.ActiveCfg = Release|x86
		{BEEE31A9-C694-44E4-ACAE-C839FAFA4DFA}.Release|x86.Build.0 = Release|x86
		{DF9D70F1-BEAC-4155-AA73-125313CB22FB}.Debug|Any CPU.ActiveCfg = Debug|Any CPU
		{DF9D70F1-BEAC-4155-AA73-125313CB22FB}.Debug|Any CPU.Build.0 = Debug|Any CPU
		{DF9D70F1-BEAC-4155-AA73-125313CB22FB}.Debug|x64.ActiveCfg = Debug|x64
		{DF9D70F1-BEAC-4155-AA73-125313CB22FB}.Debug|x64.Build.0 = Debug|x64
		{DF9D70F1-BEAC-4155-AA73-125313CB22FB}.Debug|x86.ActiveCfg = Debug|x86
		{DF9D70F1-BEAC-4155-AA73-125313CB22FB}.Debug|x86.Build.0 = Debug|x86
		{DF9D70F1-BEAC-4155-AA73-125313CB22FB}.Release|Any CPU.ActiveCfg = Release|Any CPU
		{DF9D70F1-BEAC-4155-AA73-125313CB22FB}.Release|Any CPU.Build.0 = Release|Any CPU
		{DF9D70F1-BEAC-4155-AA73-125313CB22FB}.Release|x64.ActiveCfg = Release|x64
		{DF9D70F1-BEAC-4155-AA73-125313CB22FB}.Release|x64.Build.0 = Release|x64
		{DF9D70F1-BEAC-4155-AA73-125313CB22FB}.Release|x86.ActiveCfg = Release|x86
		{DF9D70F1-BEAC-4155-AA73-125313CB22FB}.Release|x86.Build.0 = Release|x86
		{EE3C86ED-8E6D-4C21-866F-0BB63EB039DC}.Debug|Any CPU.ActiveCfg = Debug|Any CPU
		{EE3C86ED-8E6D-4C21-866F-0BB63EB039DC}.Debug|Any CPU.Build.0 = Debug|Any CPU
		{EE3C86ED-8E6D-4C21-866F-0BB63EB039DC}.Debug|x64.ActiveCfg = Debug|x64
		{EE3C86ED-8E6D-4C21-866F-0BB63EB039DC}.Debug|x64.Build.0 = Debug|x64
		{EE3C86ED-8E6D-4C21-866F-0BB63EB039DC}.Debug|x86.ActiveCfg = Debug|x86
		{EE3C86ED-8E6D-4C21-866F-0BB63EB039DC}.Debug|x86.Build.0 = Debug|x86
		{EE3C86ED-8E6D-4C21-866F-0BB63EB039DC}.Release|Any CPU.ActiveCfg = Release|Any CPU
		{EE3C86ED-8E6D-4C21-866F-0BB63EB039DC}.Release|Any CPU.Build.0 = Release|Any CPU
		{EE3C86ED-8E6D-4C21-866F-0BB63EB039DC}.Release|x64.ActiveCfg = Release|x64
		{EE3C86ED-8E6D-4C21-866F-0BB63EB039DC}.Release|x64.Build.0 = Release|x64
		{EE3C86ED-8E6D-4C21-866F-0BB63EB039DC}.Release|x86.ActiveCfg = Release|x86
		{EE3C86ED-8E6D-4C21-866F-0BB63EB039DC}.Release|x86.Build.0 = Release|x86
		{93E24858-1D4D-4E37-8162-81297C31CDD1}.Debug|Any CPU.ActiveCfg = Debug|Any CPU
		{93E24858-1D4D-4E37-8162-81297C31CDD1}.Debug|Any CPU.Build.0 = Debug|Any CPU
		{93E24858-1D4D-4E37-8162-81297C31CDD1}.Debug|x64.ActiveCfg = Debug|x64
		{93E24858-1D4D-4E37-8162-81297C31CDD1}.Debug|x64.Build.0 = Debug|x64
		{93E24858-1D4D-4E37-8162-81297C31CDD1}.Debug|x86.ActiveCfg = Debug|x86
		{93E24858-1D4D-4E37-8162-81297C31CDD1}.Debug|x86.Build.0 = Debug|x86
		{93E24858-1D4D-4E37-8162-81297C31CDD1}.Release|Any CPU.ActiveCfg = Release|Any CPU
		{93E24858-1D4D-4E37-8162-81297C31CDD1}.Release|Any CPU.Build.0 = Release|Any CPU
		{93E24858-1D4D-4E37-8162-81297C31CDD1}.Release|x64.ActiveCfg = Release|x64
		{93E24858-1D4D-4E37-8162-81297C31CDD1}.Release|x64.Build.0 = Release|x64
		{93E24858-1D4D-4E37-8162-81297C31CDD1}.Release|x86.ActiveCfg = Release|x86
		{93E24858-1D4D-4E37-8162-81297C31CDD1}.Release|x86.Build.0 = Release|x86
		{822BFE2B-D9A4-480F-87BA-2F9F3D3CB1DE}.Debug|Any CPU.ActiveCfg = Debug|Any CPU
		{822BFE2B-D9A4-480F-87BA-2F9F3D3CB1DE}.Debug|Any CPU.Build.0 = Debug|Any CPU
		{822BFE2B-D9A4-480F-87BA-2F9F3D3CB1DE}.Debug|x64.ActiveCfg = Debug|x64
		{822BFE2B-D9A4-480F-87BA-2F9F3D3CB1DE}.Debug|x64.Build.0 = Debug|x64
		{822BFE2B-D9A4-480F-87BA-2F9F3D3CB1DE}.Debug|x86.ActiveCfg = Debug|x86
		{822BFE2B-D9A4-480F-87BA-2F9F3D3CB1DE}.Debug|x86.Build.0 = Debug|x86
		{822BFE2B-D9A4-480F-87BA-2F9F3D3CB1DE}.Release|Any CPU.ActiveCfg = Release|Any CPU
		{822BFE2B-D9A4-480F-87BA-2F9F3D3CB1DE}.Release|Any CPU.Build.0 = Release|Any CPU
		{822BFE2B-D9A4-480F-87BA-2F9F3D3CB1DE}.Release|x64.ActiveCfg = Release|x64
		{822BFE2B-D9A4-480F-87BA-2F9F3D3CB1DE}.Release|x64.Build.0 = Release|x64
		{822BFE2B-D9A4-480F-87BA-2F9F3D3CB1DE}.Release|x86.ActiveCfg = Release|x86
		{822BFE2B-D9A4-480F-87BA-2F9F3D3CB1DE}.Release|x86.Build.0 = Release|x86
		{237C1108-10A3-4CBD-B2EF-4513A786E015}.Debug|Any CPU.ActiveCfg = Debug|Any CPU
		{237C1108-10A3-4CBD-B2EF-4513A786E015}.Debug|Any CPU.Build.0 = Debug|Any CPU
		{237C1108-10A3-4CBD-B2EF-4513A786E015}.Debug|x64.ActiveCfg = Debug|x64
		{237C1108-10A3-4CBD-B2EF-4513A786E015}.Debug|x64.Build.0 = Debug|x64
		{237C1108-10A3-4CBD-B2EF-4513A786E015}.Debug|x86.ActiveCfg = Debug|x86
		{237C1108-10A3-4CBD-B2EF-4513A786E015}.Debug|x86.Build.0 = Debug|x86
		{237C1108-10A3-4CBD-B2EF-4513A786E015}.Release|Any CPU.ActiveCfg = Release|Any CPU
		{237C1108-10A3-4CBD-B2EF-4513A786E015}.Release|Any CPU.Build.0 = Release|Any CPU
		{237C1108-10A3-4CBD-B2EF-4513A786E015}.Release|x64.ActiveCfg = Release|x64
		{237C1108-10A3-4CBD-B2EF-4513A786E015}.Release|x64.Build.0 = Release|x64
		{237C1108-10A3-4CBD-B2EF-4513A786E015}.Release|x86.ActiveCfg = Release|x86
		{237C1108-10A3-4CBD-B2EF-4513A786E015}.Release|x86.Build.0 = Release|x86
		{1F05BDE9-EC29-4AB9-AC11-4F308E1080D8}.Debug|Any CPU.ActiveCfg = Debug|Any CPU
		{1F05BDE9-EC29-4AB9-AC11-4F308E1080D8}.Debug|Any CPU.Build.0 = Debug|Any CPU
		{1F05BDE9-EC29-4AB9-AC11-4F308E1080D8}.Debug|x64.ActiveCfg = Debug|x64
		{1F05BDE9-EC29-4AB9-AC11-4F308E1080D8}.Debug|x64.Build.0 = Debug|x64
		{1F05BDE9-EC29-4AB9-AC11-4F308E1080D8}.Debug|x86.ActiveCfg = Debug|x86
		{1F05BDE9-EC29-4AB9-AC11-4F308E1080D8}.Debug|x86.Build.0 = Debug|x86
		{1F05BDE9-EC29-4AB9-AC11-4F308E1080D8}.Release|Any CPU.ActiveCfg = Release|Any CPU
		{1F05BDE9-EC29-4AB9-AC11-4F308E1080D8}.Release|Any CPU.Build.0 = Release|Any CPU
		{1F05BDE9-EC29-4AB9-AC11-4F308E1080D8}.Release|x64.ActiveCfg = Release|x64
		{1F05BDE9-EC29-4AB9-AC11-4F308E1080D8}.Release|x64.Build.0 = Release|x64
		{1F05BDE9-EC29-4AB9-AC11-4F308E1080D8}.Release|x86.ActiveCfg = Release|x86
		{1F05BDE9-EC29-4AB9-AC11-4F308E1080D8}.Release|x86.Build.0 = Release|x86
		{54DFD1E4-E71C-48DF-AFC9-67292F2A7F43}.Debug|Any CPU.ActiveCfg = Debug|Any CPU
		{54DFD1E4-E71C-48DF-AFC9-67292F2A7F43}.Debug|Any CPU.Build.0 = Debug|Any CPU
		{54DFD1E4-E71C-48DF-AFC9-67292F2A7F43}.Debug|x64.ActiveCfg = Debug|x64
		{54DFD1E4-E71C-48DF-AFC9-67292F2A7F43}.Debug|x64.Build.0 = Debug|x64
		{54DFD1E4-E71C-48DF-AFC9-67292F2A7F43}.Debug|x86.ActiveCfg = Debug|x86
		{54DFD1E4-E71C-48DF-AFC9-67292F2A7F43}.Debug|x86.Build.0 = Debug|x86
		{54DFD1E4-E71C-48DF-AFC9-67292F2A7F43}.Release|Any CPU.ActiveCfg = Release|Any CPU
		{54DFD1E4-E71C-48DF-AFC9-67292F2A7F43}.Release|Any CPU.Build.0 = Release|Any CPU
		{54DFD1E4-E71C-48DF-AFC9-67292F2A7F43}.Release|x64.ActiveCfg = Release|x64
		{54DFD1E4-E71C-48DF-AFC9-67292F2A7F43}.Release|x64.Build.0 = Release|x64
		{54DFD1E4-E71C-48DF-AFC9-67292F2A7F43}.Release|x86.ActiveCfg = Release|x86
		{54DFD1E4-E71C-48DF-AFC9-67292F2A7F43}.Release|x86.Build.0 = Release|x86
		{C3C58B22-BDD3-418E-B8E0-D03C162EDC98}.Debug|Any CPU.ActiveCfg = Debug|Any CPU
		{C3C58B22-BDD3-418E-B8E0-D03C162EDC98}.Debug|Any CPU.Build.0 = Debug|Any CPU
		{C3C58B22-BDD3-418E-B8E0-D03C162EDC98}.Debug|x64.ActiveCfg = Debug|x64
		{C3C58B22-BDD3-418E-B8E0-D03C162EDC98}.Debug|x64.Build.0 = Debug|x64
		{C3C58B22-BDD3-418E-B8E0-D03C162EDC98}.Debug|x86.ActiveCfg = Debug|x86
		{C3C58B22-BDD3-418E-B8E0-D03C162EDC98}.Debug|x86.Build.0 = Debug|x86
		{C3C58B22-BDD3-418E-B8E0-D03C162EDC98}.Release|Any CPU.ActiveCfg = Release|Any CPU
		{C3C58B22-BDD3-418E-B8E0-D03C162EDC98}.Release|Any CPU.Build.0 = Release|Any CPU
		{C3C58B22-BDD3-418E-B8E0-D03C162EDC98}.Release|x64.ActiveCfg = Release|x64
		{C3C58B22-BDD3-418E-B8E0-D03C162EDC98}.Release|x64.Build.0 = Release|x64
		{C3C58B22-BDD3-418E-B8E0-D03C162EDC98}.Release|x86.ActiveCfg = Release|x86
		{C3C58B22-BDD3-418E-B8E0-D03C162EDC98}.Release|x86.Build.0 = Release|x86
		{78ABBD77-C661-4E64-A64D-92E0C519932B}.Debug|Any CPU.ActiveCfg = Debug|Any CPU
		{78ABBD77-C661-4E64-A64D-92E0C519932B}.Debug|Any CPU.Build.0 = Debug|Any CPU
		{78ABBD77-C661-4E64-A64D-92E0C519932B}.Debug|x64.ActiveCfg = Debug|x64
		{78ABBD77-C661-4E64-A64D-92E0C519932B}.Debug|x64.Build.0 = Debug|x64
		{78ABBD77-C661-4E64-A64D-92E0C519932B}.Debug|x86.ActiveCfg = Debug|x86
		{78ABBD77-C661-4E64-A64D-92E0C519932B}.Debug|x86.Build.0 = Debug|x86
		{78ABBD77-C661-4E64-A64D-92E0C519932B}.Release|Any CPU.ActiveCfg = Release|Any CPU
		{78ABBD77-C661-4E64-A64D-92E0C519932B}.Release|Any CPU.Build.0 = Release|Any CPU
		{78ABBD77-C661-4E64-A64D-92E0C519932B}.Release|x64.ActiveCfg = Release|x64
		{78ABBD77-C661-4E64-A64D-92E0C519932B}.Release|x64.Build.0 = Release|x64
		{78ABBD77-C661-4E64-A64D-92E0C519932B}.Release|x86.ActiveCfg = Release|x86
		{78ABBD77-C661-4E64-A64D-92E0C519932B}.Release|x86.Build.0 = Release|x86
		{5BC7A4D2-D452-475F-AA6F-814E87459644}.Debug|Any CPU.ActiveCfg = Debug|Any CPU
		{5BC7A4D2-D452-475F-AA6F-814E87459644}.Debug|Any CPU.Build.0 = Debug|Any CPU
		{5BC7A4D2-D452-475F-AA6F-814E87459644}.Debug|x64.ActiveCfg = Debug|x64
		{5BC7A4D2-D452-475F-AA6F-814E87459644}.Debug|x64.Build.0 = Debug|x64
		{5BC7A4D2-D452-475F-AA6F-814E87459644}.Debug|x86.ActiveCfg = Debug|x86
		{5BC7A4D2-D452-475F-AA6F-814E87459644}.Debug|x86.Build.0 = Debug|x86
		{5BC7A4D2-D452-475F-AA6F-814E87459644}.Release|Any CPU.ActiveCfg = Release|Any CPU
		{5BC7A4D2-D452-475F-AA6F-814E87459644}.Release|Any CPU.Build.0 = Release|Any CPU
		{5BC7A4D2-D452-475F-AA6F-814E87459644}.Release|x64.ActiveCfg = Release|x64
		{5BC7A4D2-D452-475F-AA6F-814E87459644}.Release|x64.Build.0 = Release|x64
		{5BC7A4D2-D452-475F-AA6F-814E87459644}.Release|x86.ActiveCfg = Release|x86
		{5BC7A4D2-D452-475F-AA6F-814E87459644}.Release|x86.Build.0 = Release|x86
		{81C8A050-3A62-4F45-8B78-34C364FBA06B}.Debug|Any CPU.ActiveCfg = Debug|Any CPU
		{81C8A050-3A62-4F45-8B78-34C364FBA06B}.Debug|Any CPU.Build.0 = Debug|Any CPU
		{81C8A050-3A62-4F45-8B78-34C364FBA06B}.Debug|x64.ActiveCfg = Debug|x64
		{81C8A050-3A62-4F45-8B78-34C364FBA06B}.Debug|x64.Build.0 = Debug|x64
		{81C8A050-3A62-4F45-8B78-34C364FBA06B}.Debug|x86.ActiveCfg = Debug|x86
		{81C8A050-3A62-4F45-8B78-34C364FBA06B}.Debug|x86.Build.0 = Debug|x86
		{81C8A050-3A62-4F45-8B78-34C364FBA06B}.Release|Any CPU.ActiveCfg = Release|Any CPU
		{81C8A050-3A62-4F45-8B78-34C364FBA06B}.Release|Any CPU.Build.0 = Release|Any CPU
		{81C8A050-3A62-4F45-8B78-34C364FBA06B}.Release|x64.ActiveCfg = Release|x64
		{81C8A050-3A62-4F45-8B78-34C364FBA06B}.Release|x64.Build.0 = Release|x64
		{81C8A050-3A62-4F45-8B78-34C364FBA06B}.Release|x86.ActiveCfg = Release|x86
		{81C8A050-3A62-4F45-8B78-34C364FBA06B}.Release|x86.Build.0 = Release|x86
		{45E5C83D-5137-404C-ACAB-7855AE349B00}.Debug|Any CPU.ActiveCfg = Debug|Any CPU
		{45E5C83D-5137-404C-ACAB-7855AE349B00}.Debug|Any CPU.Build.0 = Debug|Any CPU
		{45E5C83D-5137-404C-ACAB-7855AE349B00}.Debug|x64.ActiveCfg = Debug|x64
		{45E5C83D-5137-404C-ACAB-7855AE349B00}.Debug|x64.Build.0 = Debug|x64
		{45E5C83D-5137-404C-ACAB-7855AE349B00}.Debug|x86.ActiveCfg = Debug|x86
		{45E5C83D-5137-404C-ACAB-7855AE349B00}.Debug|x86.Build.0 = Debug|x86
		{45E5C83D-5137-404C-ACAB-7855AE349B00}.Release|Any CPU.ActiveCfg = Release|Any CPU
		{45E5C83D-5137-404C-ACAB-7855AE349B00}.Release|Any CPU.Build.0 = Release|Any CPU
		{45E5C83D-5137-404C-ACAB-7855AE349B00}.Release|x64.ActiveCfg = Release|x64
		{45E5C83D-5137-404C-ACAB-7855AE349B00}.Release|x64.Build.0 = Release|x64
		{45E5C83D-5137-404C-ACAB-7855AE349B00}.Release|x86.ActiveCfg = Release|x86
		{45E5C83D-5137-404C-ACAB-7855AE349B00}.Release|x86.Build.0 = Release|x86
		{F7D7D24B-80E4-4243-A94D-0C0B09A1A54E}.Debug|Any CPU.ActiveCfg = Debug|Any CPU
		{F7D7D24B-80E4-4243-A94D-0C0B09A1A54E}.Debug|Any CPU.Build.0 = Debug|Any CPU
		{F7D7D24B-80E4-4243-A94D-0C0B09A1A54E}.Debug|x64.ActiveCfg = Debug|x64
		{F7D7D24B-80E4-4243-A94D-0C0B09A1A54E}.Debug|x64.Build.0 = Debug|x64
		{F7D7D24B-80E4-4243-A94D-0C0B09A1A54E}.Debug|x86.ActiveCfg = Debug|x86
		{F7D7D24B-80E4-4243-A94D-0C0B09A1A54E}.Debug|x86.Build.0 = Debug|x86
		{F7D7D24B-80E4-4243-A94D-0C0B09A1A54E}.Release|Any CPU.ActiveCfg = Release|Any CPU
		{F7D7D24B-80E4-4243-A94D-0C0B09A1A54E}.Release|Any CPU.Build.0 = Release|Any CPU
		{F7D7D24B-80E4-4243-A94D-0C0B09A1A54E}.Release|x64.ActiveCfg = Release|x64
		{F7D7D24B-80E4-4243-A94D-0C0B09A1A54E}.Release|x64.Build.0 = Release|x64
		{F7D7D24B-80E4-4243-A94D-0C0B09A1A54E}.Release|x86.ActiveCfg = Release|x86
		{F7D7D24B-80E4-4243-A94D-0C0B09A1A54E}.Release|x86.Build.0 = Release|x86
		{B76A2FFF-2B9C-4080-8931-3155E9E1DC59}.Debug|Any CPU.ActiveCfg = Debug|Any CPU
		{B76A2FFF-2B9C-4080-8931-3155E9E1DC59}.Debug|Any CPU.Build.0 = Debug|Any CPU
		{B76A2FFF-2B9C-4080-8931-3155E9E1DC59}.Debug|x64.ActiveCfg = Debug|x64
		{B76A2FFF-2B9C-4080-8931-3155E9E1DC59}.Debug|x64.Build.0 = Debug|x64
		{B76A2FFF-2B9C-4080-8931-3155E9E1DC59}.Debug|x86.ActiveCfg = Debug|x86
		{B76A2FFF-2B9C-4080-8931-3155E9E1DC59}.Debug|x86.Build.0 = Debug|x86
		{B76A2FFF-2B9C-4080-8931-3155E9E1DC59}.Release|Any CPU.ActiveCfg = Release|Any CPU
		{B76A2FFF-2B9C-4080-8931-3155E9E1DC59}.Release|Any CPU.Build.0 = Release|Any CPU
		{B76A2FFF-2B9C-4080-8931-3155E9E1DC59}.Release|x64.ActiveCfg = Release|x64
		{B76A2FFF-2B9C-4080-8931-3155E9E1DC59}.Release|x64.Build.0 = Release|x64
		{B76A2FFF-2B9C-4080-8931-3155E9E1DC59}.Release|x86.ActiveCfg = Release|x86
		{B76A2FFF-2B9C-4080-8931-3155E9E1DC59}.Release|x86.Build.0 = Release|x86
		{8E7E0F04-F850-4D61-863B-B4A49D339759}.Debug|Any CPU.ActiveCfg = Debug|Any CPU
		{8E7E0F04-F850-4D61-863B-B4A49D339759}.Debug|Any CPU.Build.0 = Debug|Any CPU
		{8E7E0F04-F850-4D61-863B-B4A49D339759}.Debug|x64.ActiveCfg = Debug|x64
		{8E7E0F04-F850-4D61-863B-B4A49D339759}.Debug|x64.Build.0 = Debug|x64
		{8E7E0F04-F850-4D61-863B-B4A49D339759}.Debug|x86.ActiveCfg = Debug|x86
		{8E7E0F04-F850-4D61-863B-B4A49D339759}.Debug|x86.Build.0 = Debug|x86
		{8E7E0F04-F850-4D61-863B-B4A49D339759}.Release|Any CPU.ActiveCfg = Release|Any CPU
		{8E7E0F04-F850-4D61-863B-B4A49D339759}.Release|Any CPU.Build.0 = Release|Any CPU
		{8E7E0F04-F850-4D61-863B-B4A49D339759}.Release|x64.ActiveCfg = Release|x64
		{8E7E0F04-F850-4D61-863B-B4A49D339759}.Release|x64.Build.0 = Release|x64
		{8E7E0F04-F850-4D61-863B-B4A49D339759}.Release|x86.ActiveCfg = Release|x86
		{8E7E0F04-F850-4D61-863B-B4A49D339759}.Release|x86.Build.0 = Release|x86
	EndGlobalSection
	GlobalSection(SolutionProperties) = preSolution
		HideSolutionNode = FALSE
	EndGlobalSection
	GlobalSection(NestedProjects) = preSolution
		{84E1F6E4-A811-4D29-867C-F879C9CBCCA4} = {901A0E50-1CDE-4964-A6B1-53D5256F6D93}
		{6DC41E33-9DF7-401F-992C-BADED3AA2F2F} = {901A0E50-1CDE-4964-A6B1-53D5256F6D93}
		{ED5C3EA6-589A-4E75-A30B-8DC0CD8F6D7F} = {6DC41E33-9DF7-401F-992C-BADED3AA2F2F}
		{7A4EAF87-37CA-44FD-8D85-38BBEE1F8380} = {901A0E50-1CDE-4964-A6B1-53D5256F6D93}
		{8BA30365-7FFB-4D28-AD9C-8CDEA217D916} = {6DC41E33-9DF7-401F-992C-BADED3AA2F2F}
		{BA39B227-B85E-4592-B913-D7EDB7FC24B4} = {9D5E5B9A-DBBF-4B44-8694-6B5CBD2A36F7}
		{65EC90FC-AFCA-4C1F-A37B-A71E9B2B64BA} = {9D5E5B9A-DBBF-4B44-8694-6B5CBD2A36F7}
		{F3292244-C961-4565-AE16-B06A00DB3142} = {2D7C7734-3857-410B-91C4-2002C9A498F7}
		{3D7C0603-DE5E-474D-966F-116ABBA8B79F} = {2D7C7734-3857-410B-91C4-2002C9A498F7}
		{FD22F64C-F257-4023-8E9F-575945390A15} = {2D7C7734-3857-410B-91C4-2002C9A498F7}
		{97844C8C-1303-4959-81BD-E85D49E3ECAC} = {2D7C7734-3857-410B-91C4-2002C9A498F7}
		{201E145E-A038-4BCF-BECC-93569837DD58} = {0BB38A44-9392-490D-89A0-8F3F1EF23269}
		{7078343D-2DD7-4E31-8A0E-6143BA85B5F9} = {0BB38A44-9392-490D-89A0-8F3F1EF23269}
		{28512FCE-1D9B-471B-8196-72986E99CCA3} = {901A0E50-1CDE-4964-A6B1-53D5256F6D93}
		{A8AEF5FB-AEBE-4BEC-AF4B-F81096EE2C1B} = {901A0E50-1CDE-4964-A6B1-53D5256F6D93}
		{BD6D3B31-8A38-45D2-910C-070FB3FC5ED1} = {901A0E50-1CDE-4964-A6B1-53D5256F6D93}
		{307BD76A-B574-4CA8-B00D-AC387C8220F4} = {6DC41E33-9DF7-401F-992C-BADED3AA2F2F}
		{151DF8D1-25C2-488A-9607-04879D44D7E7} = {6DC41E33-9DF7-401F-992C-BADED3AA2F2F}
		{A85D78E6-87B8-4DE1-8DD0-D18D78C6053C} = {6DC41E33-9DF7-401F-992C-BADED3AA2F2F}
		{B705057B-34F8-4F54-A0AF-D06F57263995} = {491101ED-788D-4939-BA52-DAA952BC1205}
		{69C1D91A-A200-41B3-AF03-DF29A24F8CE5} = {491101ED-788D-4939-BA52-DAA952BC1205}
		{DB87E52A-54B5-4773-9952-D5A08086B0F1} = {37F61DA5-E06C-4585-BDD9-869F9BFA6D79}
		{FE646255-2E04-4270-8FE0-3A00B319896B} = {37F61DA5-E06C-4585-BDD9-869F9BFA6D79}
		{2019F3E5-A5A5-4446-9618-59A42710F13D} = {37F61DA5-E06C-4585-BDD9-869F9BFA6D79}
		{4F2354C2-B911-4F9E-A7C3-C3AFB57B8705} = {EE89D2B6-B9B8-4E6C-9E5F-8DDE8BED6DD2}
		{2BD7AB6E-558D-436C-AACA-1740EABFA269} = {EE89D2B6-B9B8-4E6C-9E5F-8DDE8BED6DD2}
		{BEEE31A9-C694-44E4-ACAE-C839FAFA4DFA} = {B307E5EA-0B04-4E46-9DD3-FA00DD12A666}
		{DF9D70F1-BEAC-4155-AA73-125313CB22FB} = {B307E5EA-0B04-4E46-9DD3-FA00DD12A666}
		{EE3C86ED-8E6D-4C21-866F-0BB63EB039DC} = {41CC1158-96A5-453D-8173-0311087C04C6}
		{93E24858-1D4D-4E37-8162-81297C31CDD1} = {41CC1158-96A5-453D-8173-0311087C04C6}
		{822BFE2B-D9A4-480F-87BA-2F9F3D3CB1DE} = {41CC1158-96A5-453D-8173-0311087C04C6}
		{237C1108-10A3-4CBD-B2EF-4513A786E015} = {41CC1158-96A5-453D-8173-0311087C04C6}
		{1F05BDE9-EC29-4AB9-AC11-4F308E1080D8} = {A05ED4F8-C8A7-4006-8ABB-52B9BDDF913A}
		{54DFD1E4-E71C-48DF-AFC9-67292F2A7F43} = {A05ED4F8-C8A7-4006-8ABB-52B9BDDF913A}
		{C3C58B22-BDD3-418E-B8E0-D03C162EDC98} = {A05ED4F8-C8A7-4006-8ABB-52B9BDDF913A}
		{78ABBD77-C661-4E64-A64D-92E0C519932B} = {0B716A9E-528C-4C72-9B76-00345C501998}
		{5BC7A4D2-D452-475F-AA6F-814E87459644} = {A05ED4F8-C8A7-4006-8ABB-52B9BDDF913A}
		{81C8A050-3A62-4F45-8B78-34C364FBA06B} = {A05ED4F8-C8A7-4006-8ABB-52B9BDDF913A}
		{45E5C83D-5137-404C-ACAB-7855AE349B00} = {A05ED4F8-C8A7-4006-8ABB-52B9BDDF913A}
		{F7D7D24B-80E4-4243-A94D-0C0B09A1A54E} = {0B716A9E-528C-4C72-9B76-00345C501998}
		{B76A2FFF-2B9C-4080-8931-3155E9E1DC59} = {41CC1158-96A5-453D-8173-0311087C04C6}
		{8E7E0F04-F850-4D61-863B-B4A49D339759} = {A05ED4F8-C8A7-4006-8ABB-52B9BDDF913A}
		{0B716A9E-528C-4C72-9B76-00345C501998} = {A05ED4F8-C8A7-4006-8ABB-52B9BDDF913A}
	EndGlobalSection
EndGlobal
